Microsoft Visual Studio Solution File, Format Version 7.00
Project("{FAE04EC0-301F-11D3-BF4B-00C04F79EFBC}") = "XmlDiffPatch", "XmlDiffPatch.csproj", "{8BA90DA5-E8EB-4DEC-9D41-951D012B90CE}"
EndProject
Global
	GlobalSection(SolutionConfiguration) = preSolution
		ConfigName.0 = Debug
		ConfigName.1 = Release
	EndGlobalSection
	GlobalSection(ProjectDependencies) = postSolution
	EndGlobalSection
	GlobalSection(ProjectConfiguration) = postSolution
		{8BA90DA5-E8EB-4DEC-9D41-951D012B90CE}.Debug.ActiveCfg = Debug|.NET
		{8BA90DA5-E8EB-4DEC-9D41-951D012B90CE}.Debug.Build.0 = Debug|.NET
		{8BA90DA5-E8EB-4DEC-9D41-951D012B90CE}.Release.ActiveCfg = Release|.NET
		{8BA90DA5-E8EB-4DEC-9D41-951D012B90CE}.Release.Build.0 = Release|.NET
	EndGlobalSection
	GlobalSection(ExtensibilityGlobals) = postSolution
	EndGlobalSection
	GlobalSection(ExtensibilityAddIns) = postSolution
	EndGlobalSection
EndGlobal
