Microsoft Visual Studio Solution File, Format Version 7.00
Project("{FAE04EC0-301F-11D3-BF4B-00C04F79EFBC}") = "XmlDiff", "XmlDiff.csproj", "{FAAA4719-071D-49A7-9A98-DDC2567747C9}"
EndProject
Global
	GlobalSection(SolutionConfiguration) = preSolution
		ConfigName.0 = Debug
		ConfigName.1 = Release
	EndGlobalSection
	GlobalSection(ProjectDependencies) = postSolution
	EndGlobalSection
	GlobalSection(ProjectConfiguration) = postSolution
		{FAAA4719-071D-49A7-9A98-DDC2567747C9}.Debug.ActiveCfg = Debug|.NET
		{FAAA4719-071D-49A7-9A98-DDC2567747C9}.Debug.Build.0 = Debug|.NET
		{FAAA4719-071D-49A7-9A98-DDC2567747C9}.Release.ActiveCfg = Release|.NET
		{FAAA4719-071D-49A7-9A98-DDC2567747C9}.Release.Build.0 = Release|.NET
	EndGlobalSection
	GlobalSection(ExtensibilityGlobals) = postSolution
	EndGlobalSection
	GlobalSection(ExtensibilityAddIns) = postSolution
	EndGlobalSection
EndGlobal
